
Microsoft Visual Studio Solution File, Format Version 12.00
# Visual Studio Version 17
VisualStudioVersion = 17.7.34031.279
MinimumVisualStudioVersion = 10.0.40219.1
Project("{FAE04EC0-301F-11D3-BF4B-00C04F79EFBC}") = "ToDoListWindowsForm", "ToDoListWindowsForm\ToDoListWindowsForm.csproj", "{51B44658-694D-4B5D-82E8-0090BC5018C0}"
EndProject
Global
	GlobalSection(SolutionConfigurationPlatforms) = preSolution
		Debug|Any CPU = Debug|Any CPU
		Release|Any CPU = Release|Any CPU
	EndGlobalSection
	GlobalSection(ProjectConfigurationPlatforms) = postSolution
		{51B44658-694D-4B5D-82E8-0090BC5018C0}.Debug|Any CPU.ActiveCfg = Debug|Any CPU
		{51B44658-694D-4B5D-82E8-0090BC5018C0}.Debug|Any CPU.Build.0 = Debug|Any CPU
		{51B44658-694D-4B5D-82E8-0090BC5018C0}.Release|Any CPU.ActiveCfg = Release|Any CPU
		{51B44658-694D-4B5D-82E8-0090BC5018C0}.Release|Any CPU.Build.0 = Release|Any CPU
	EndGlobalSection
	GlobalSection(SolutionProperties) = preSolution
		HideSolutionNode = FALSE
	EndGlobalSection
	GlobalSection(ExtensibilityGlobals) = postSolution
		SolutionGuid = {A7598B63-9EA2-4C5C-BC9D-95BC724E5F8F}
	EndGlobalSection
EndGlobal
